// !$*UTF8*$!
{
	archiveVersion = 1;
	classes = {
	};
	objectVersion = 50;
	objects = {

/* Begin PBXBuildFile section */
		355EC80321CA1C2A00E48D6E /* main.swift in Sources */ = {isa = PBXBuildFile; fileRef = 355EC80221CA1C2A00E48D6E /* main.swift */; };
		355EC80E21CA25EF00E48D6E /* main.swift in Sources */ = {isa = PBXBuildFile; fileRef = 355EC80D21CA25EF00E48D6E /* main.swift */; };
		35EE1DDE21C7952400D3AB27 /* main.swift in Sources */ = {isa = PBXBuildFile; fileRef = 35EE1DDD21C7952400D3AB27 /* main.swift */; };
		35EE1DEB21C7971100D3AB27 /* main.swift in Sources */ = {isa = PBXBuildFile; fileRef = 35EE1DEA21C7971100D3AB27 /* main.swift */; };
		35EE1DF021C7983C00D3AB27 /* Utils.swift in Sources */ = {isa = PBXBuildFile; fileRef = 35EE1DEF21C7983C00D3AB27 /* Utils.swift */; };
		35EE1DF121C7993700D3AB27 /* Utils.swift in Sources */ = {isa = PBXBuildFile; fileRef = 35EE1DEF21C7983C00D3AB27 /* Utils.swift */; };
		35EE1DF921C79CD400D3AB27 /* main.swift in Sources */ = {isa = PBXBuildFile; fileRef = 35EE1DF821C79CD400D3AB27 /* main.swift */; };
		35EE1DFD21C79E5C00D3AB27 /* Utils.swift in Sources */ = {isa = PBXBuildFile; fileRef = 35EE1DEF21C7983C00D3AB27 /* Utils.swift */; };
		35EE1E0521C7BB0C00D3AB27 /* main.swift in Sources */ = {isa = PBXBuildFile; fileRef = 35EE1E0421C7BB0C00D3AB27 /* main.swift */; };
		35EE1E0921C7BB1700D3AB27 /* Utils.swift in Sources */ = {isa = PBXBuildFile; fileRef = 35EE1DEF21C7983C00D3AB27 /* Utils.swift */; };
/* End PBXBuildFile section */

/* Begin PBXCopyFilesBuildPhase section */
		355EC7FE21CA1C2A00E48D6E /* CopyFiles */ = {
			isa = PBXCopyFilesBuildPhase;
			buildActionMask = 2147483647;
			dstPath = /usr/share/man/man1/;
			dstSubfolderSpec = 0;
			files = (
			);
			runOnlyForDeploymentPostprocessing = 1;
		};
		355EC80921CA25EF00E48D6E /* CopyFiles */ = {
			isa = PBXCopyFilesBuildPhase;
			buildActionMask = 2147483647;
			dstPath = /usr/share/man/man1/;
			dstSubfolderSpec = 0;
			files = (
			);
			runOnlyForDeploymentPostprocessing = 1;
		};
		35EE1DD821C7952400D3AB27 /* CopyFiles */ = {
			isa = PBXCopyFilesBuildPhase;
			buildActionMask = 2147483647;
			dstPath = /usr/share/man/man1/;
			dstSubfolderSpec = 0;
			files = (
			);
			runOnlyForDeploymentPostprocessing = 1;
		};
		35EE1DE621C7971100D3AB27 /* CopyFiles */ = {
			isa = PBXCopyFilesBuildPhase;
			buildActionMask = 2147483647;
			dstPath = /usr/share/man/man1/;
			dstSubfolderSpec = 0;
			files = (
			);
			runOnlyForDeploymentPostprocessing = 1;
		};
		35EE1DF421C79CD400D3AB27 /* CopyFiles */ = {
			isa = PBXCopyFilesBuildPhase;
			buildActionMask = 2147483647;
			dstPath = /usr/share/man/man1/;
			dstSubfolderSpec = 0;
			files = (
			);
			runOnlyForDeploymentPostprocessing = 1;
		};
		35EE1E0021C7BB0C00D3AB27 /* CopyFiles */ = {
			isa = PBXCopyFilesBuildPhase;
			buildActionMask = 2147483647;
			dstPath = /usr/share/man/man1/;
			dstSubfolderSpec = 0;
			files = (
			);
			runOnlyForDeploymentPostprocessing = 1;
		};
/* End PBXCopyFilesBuildPhase section */

/* Begin PBXFileReference section */
		355EC80021CA1C2A00E48D6E /* 查找-裴波那契 */ = {isa = PBXFileReference; explicitFileType = "compiled.mach-o.executable"; includeInIndex = 0; path = "查找-裴波那契"; sourceTree = BUILT_PRODUCTS_DIR; };
		355EC80221CA1C2A00E48D6E /* main.swift */ = {isa = PBXFileReference; lastKnownFileType = sourcecode.swift; path = main.swift; sourceTree = "<group>"; };
		355EC80B21CA25EF00E48D6E /* 查找-树表查找 */ = {isa = PBXFileReference; explicitFileType = "compiled.mach-o.executable"; includeInIndex = 0; path = "查找-树表查找"; sourceTree = BUILT_PRODUCTS_DIR; };
		355EC80D21CA25EF00E48D6E /* main.swift */ = {isa = PBXFileReference; lastKnownFileType = sourcecode.swift; path = main.swift; sourceTree = "<group>"; };
		35EE1DDA21C7952400D3AB27 /* Algorithm */ = {isa = PBXFileReference; explicitFileType = "compiled.mach-o.executable"; includeInIndex = 0; path = Algorithm; sourceTree = BUILT_PRODUCTS_DIR; };
		35EE1DDD21C7952400D3AB27 /* main.swift */ = {isa = PBXFileReference; lastKnownFileType = sourcecode.swift; path = main.swift; sourceTree = "<group>"; };
		35EE1DE821C7971100D3AB27 /* 查找-顺序查找 */ = {isa = PBXFileReference; explicitFileType = "compiled.mach-o.executable"; includeInIndex = 0; path = "查找-顺序查找"; sourceTree = BUILT_PRODUCTS_DIR; };
		35EE1DEA21C7971100D3AB27 /* main.swift */ = {isa = PBXFileReference; lastKnownFileType = sourcecode.swift; path = main.swift; sourceTree = "<group>"; };
		35EE1DEF21C7983C00D3AB27 /* Utils.swift */ = {isa = PBXFileReference; lastKnownFileType = sourcecode.swift; path = Utils.swift; sourceTree = "<group>"; };
		35EE1DF621C79CD400D3AB27 /* 查找-二分查找/折半查找 */ = {isa = PBXFileReference; explicitFileType = "compiled.mach-o.executable"; includeInIndex = 0; path = "查找-二分查找/折半查找"; sourceTree = BUILT_PRODUCTS_DIR; };
		35EE1DF821C79CD400D3AB27 /* main.swift */ = {isa = PBXFileReference; lastKnownFileType = sourcecode.swift; path = main.swift; sourceTree = "<group>"; };
		35EE1E0221C7BB0C00D3AB27 /* 查找- 插值查找 */ = {isa = PBXFileReference; explicitFileType = "compiled.mach-o.executable"; includeInIndex = 0; path = "查找- 插值查找"; sourceTree = BUILT_PRODUCTS_DIR; };
		35EE1E0421C7BB0C00D3AB27 /* main.swift */ = {isa = PBXFileReference; lastKnownFileType = sourcecode.swift; path = main.swift; sourceTree = "<group>"; };
/* End PBXFileReference section */

/* Begin PBXFrameworksBuildPhase section */
		355EC7FD21CA1C2A00E48D6E /* Frameworks */ = {
			isa = PBXFrameworksBuildPhase;
			buildActionMask = 2147483647;
			files = (
			);
			runOnlyForDeploymentPostprocessing = 0;
		};
		355EC80821CA25EF00E48D6E /* Frameworks */ = {
			isa = PBXFrameworksBuildPhase;
			buildActionMask = 2147483647;
			files = (
			);
			runOnlyForDeploymentPostprocessing = 0;
		};
		35EE1DD721C7952400D3AB27 /* Frameworks */ = {
			isa = PBXFrameworksBuildPhase;
			buildActionMask = 2147483647;
			files = (
			);
			runOnlyForDeploymentPostprocessing = 0;
		};
		35EE1DE521C7971100D3AB27 /* Frameworks */ = {
			isa = PBXFrameworksBuildPhase;
			buildActionMask = 2147483647;
			files = (
			);
			runOnlyForDeploymentPostprocessing = 0;
		};
		35EE1DF321C79CD400D3AB27 /* Frameworks */ = {
			isa = PBXFrameworksBuildPhase;
			buildActionMask = 2147483647;
			files = (
			);
			runOnlyForDeploymentPostprocessing = 0;
		};
		35EE1DFF21C7BB0C00D3AB27 /* Frameworks */ = {
			isa = PBXFrameworksBuildPhase;
			buildActionMask = 2147483647;
			files = (
			);
			runOnlyForDeploymentPostprocessing = 0;
		};
/* End PBXFrameworksBuildPhase section */

/* Begin PBXGroup section */
		355EC80121CA1C2A00E48D6E /* 查找-裴波那契 */ = {
			isa = PBXGroup;
			children = (
				355EC80221CA1C2A00E48D6E /* main.swift */,
			);
			path = "查找-裴波那契";
			sourceTree = "<group>";
		};
		355EC80C21CA25EF00E48D6E /* 查找-树表查找 */ = {
			isa = PBXGroup;
			children = (
				355EC80D21CA25EF00E48D6E /* main.swift */,
			);
			path = "查找-树表查找";
			sourceTree = "<group>";
		};
		35EE1DD121C7952400D3AB27 = {
			isa = PBXGroup;
			children = (
				35EE1DDC21C7952400D3AB27 /* Algorithm */,
				35EE1DE921C7971100D3AB27 /* 查找-顺序查找 */,
				35EE1DF721C79CD400D3AB27 /* 查找-二分查找/折半查找 */,
				35EE1E0321C7BB0C00D3AB27 /* 查找- 插值查找 */,
				355EC80121CA1C2A00E48D6E /* 查找-裴波那契 */,
				355EC80C21CA25EF00E48D6E /* 查找-树表查找 */,
				35EE1DDB21C7952400D3AB27 /* Products */,
			);
			sourceTree = "<group>";
		};
		35EE1DDB21C7952400D3AB27 /* Products */ = {
			isa = PBXGroup;
			children = (
				35EE1DDA21C7952400D3AB27 /* Algorithm */,
				35EE1DE821C7971100D3AB27 /* 查找-顺序查找 */,
				35EE1DF621C79CD400D3AB27 /* 查找-二分查找/折半查找 */,
				35EE1E0221C7BB0C00D3AB27 /* 查找- 插值查找 */,
				355EC80021CA1C2A00E48D6E /* 查找-裴波那契 */,
				355EC80B21CA25EF00E48D6E /* 查找-树表查找 */,
			);
			name = Products;
			sourceTree = "<group>";
		};
		35EE1DDC21C7952400D3AB27 /* Algorithm */ = {
			isa = PBXGroup;
			children = (
				35EE1DDD21C7952400D3AB27 /* main.swift */,
				35EE1DEF21C7983C00D3AB27 /* Utils.swift */,
			);
			path = Algorithm;
			sourceTree = "<group>";
		};
		35EE1DE921C7971100D3AB27 /* 查找-顺序查找 */ = {
			isa = PBXGroup;
			children = (
				35EE1DEA21C7971100D3AB27 /* main.swift */,
			);
			path = "查找-顺序查找";
			sourceTree = "<group>";
		};
		35EE1DF721C79CD400D3AB27 /* 查找-二分查找/折半查找 */ = {
			isa = PBXGroup;
			children = (
				35EE1DF821C79CD400D3AB27 /* main.swift */,
			);
			path = "查找-二分查找/折半查找";
			sourceTree = "<group>";
		};
		35EE1E0321C7BB0C00D3AB27 /* 查找- 插值查找 */ = {
			isa = PBXGroup;
			children = (
				35EE1E0421C7BB0C00D3AB27 /* main.swift */,
			);
			path = "查找- 插值查找";
			sourceTree = "<group>";
		};
/* End PBXGroup section */

/* Begin PBXNativeTarget section */
		355EC7FF21CA1C2A00E48D6E /* 查找-裴波那契 */ = {
			isa = PBXNativeTarget;
			buildConfigurationList = 355EC80621CA1C2A00E48D6E /* Build configuration list for PBXNativeTarget "查找-裴波那契" */;
			buildPhases = (
				355EC7FC21CA1C2A00E48D6E /* Sources */,
				355EC7FD21CA1C2A00E48D6E /* Frameworks */,
				355EC7FE21CA1C2A00E48D6E /* CopyFiles */,
			);
			buildRules = (
			);
			dependencies = (
			);
			name = "查找-裴波那契";
			productName = "查找-裴波那契";
			productReference = 355EC80021CA1C2A00E48D6E /* 查找-裴波那契 */;
			productType = "com.apple.product-type.tool";
		};
		355EC80A21CA25EF00E48D6E /* 查找-树表查找 */ = {
			isa = PBXNativeTarget;
			buildConfigurationList = 355EC80F21CA25EF00E48D6E /* Build configuration list for PBXNativeTarget "查找-树表查找" */;
			buildPhases = (
				355EC80721CA25EF00E48D6E /* Sources */,
				355EC80821CA25EF00E48D6E /* Frameworks */,
				355EC80921CA25EF00E48D6E /* CopyFiles */,
			);
			buildRules = (
			);
			dependencies = (
			);
			name = "查找-树表查找";
			productName = "查找-树表查找";
			productReference = 355EC80B21CA25EF00E48D6E /* 查找-树表查找 */;
			productType = "com.apple.product-type.tool";
		};
		35EE1DD921C7952400D3AB27 /* Algorithm */ = {
			isa = PBXNativeTarget;
			buildConfigurationList = 35EE1DE121C7952400D3AB27 /* Build configuration list for PBXNativeTarget "Algorithm" */;
			buildPhases = (
				35EE1DD621C7952400D3AB27 /* Sources */,
				35EE1DD721C7952400D3AB27 /* Frameworks */,
				35EE1DD821C7952400D3AB27 /* CopyFiles */,
			);
			buildRules = (
			);
			dependencies = (
			);
			name = Algorithm;
			productName = Algorithm;
			productReference = 35EE1DDA21C7952400D3AB27 /* Algorithm */;
			productType = "com.apple.product-type.tool";
		};
		35EE1DE721C7971100D3AB27 /* 查找-顺序查找 */ = {
			isa = PBXNativeTarget;
			buildConfigurationList = 35EE1DEC21C7971100D3AB27 /* Build configuration list for PBXNativeTarget "查找-顺序查找" */;
			buildPhases = (
				35EE1DE421C7971100D3AB27 /* Sources */,
				35EE1DE521C7971100D3AB27 /* Frameworks */,
				35EE1DE621C7971100D3AB27 /* CopyFiles */,
			);
			buildRules = (
			);
			dependencies = (
			);
			name = "查找-顺序查找";
			productName = "查找-顺序查找";
			productReference = 35EE1DE821C7971100D3AB27 /* 查找-顺序查找 */;
			productType = "com.apple.product-type.tool";
		};
		35EE1DF521C79CD400D3AB27 /* 查找-二分查找/折半查找 */ = {
			isa = PBXNativeTarget;
			buildConfigurationList = 35EE1DFA21C79CD400D3AB27 /* Build configuration list for PBXNativeTarget "查找-二分查找/折半查找" */;
			buildPhases = (
				35EE1DF221C79CD400D3AB27 /* Sources */,
				35EE1DF321C79CD400D3AB27 /* Frameworks */,
				35EE1DF421C79CD400D3AB27 /* CopyFiles */,
			);
			buildRules = (
			);
			dependencies = (
			);
			name = "查找-二分查找/折半查找";
			productName = "查找-二分查找/折半查找";
			productReference = 35EE1DF621C79CD400D3AB27 /* 查找-二分查找/折半查找 */;
			productType = "com.apple.product-type.tool";
		};
		35EE1E0121C7BB0C00D3AB27 /* 查找- 插值查找 */ = {
			isa = PBXNativeTarget;
			buildConfigurationList = 35EE1E0621C7BB0C00D3AB27 /* Build configuration list for PBXNativeTarget "查找- 插值查找" */;
			buildPhases = (
				35EE1DFE21C7BB0C00D3AB27 /* Sources */,
				35EE1DFF21C7BB0C00D3AB27 /* Frameworks */,
				35EE1E0021C7BB0C00D3AB27 /* CopyFiles */,
			);
			buildRules = (
			);
			dependencies = (
			);
			name = "查找- 插值查找";
			productName = "查找- 插值查找";
			productReference = 35EE1E0221C7BB0C00D3AB27 /* 查找- 插值查找 */;
			productType = "com.apple.product-type.tool";
		};
/* End PBXNativeTarget section */

/* Begin PBXProject section */
		35EE1DD221C7952400D3AB27 /* Project object */ = {
			isa = PBXProject;
			attributes = {
				LastSwiftUpdateCheck = 1010;
				LastUpgradeCheck = 1010;
				ORGANIZATIONNAME = wz;
				TargetAttributes = {
					355EC7FF21CA1C2A00E48D6E = {
						CreatedOnToolsVersion = 10.1;
					};
					355EC80A21CA25EF00E48D6E = {
						CreatedOnToolsVersion = 10.1;
					};
					35EE1DD921C7952400D3AB27 = {
						CreatedOnToolsVersion = 10.1;
					};
					35EE1DE721C7971100D3AB27 = {
						CreatedOnToolsVersion = 10.1;
					};
					35EE1DF521C79CD400D3AB27 = {
						CreatedOnToolsVersion = 10.1;
					};
					35EE1E0121C7BB0C00D3AB27 = {
						CreatedOnToolsVersion = 10.1;
					};
				};
			};
			buildConfigurationList = 35EE1DD521C7952400D3AB27 /* Build configuration list for PBXProject "Algorithm" */;
			compatibilityVersion = "Xcode 9.3";
			developmentRegion = en;
			hasScannedForEncodings = 0;
			knownRegions = (
				en,
			);
			mainGroup = 35EE1DD121C7952400D3AB27;
			productRefGroup = 35EE1DDB21C7952400D3AB27 /* Products */;
			projectDirPath = "";
			projectRoot = "";
			targets = (
				35EE1DD921C7952400D3AB27 /* Algorithm */,
				35EE1DE721C7971100D3AB27 /* 查找-顺序查找 */,
				35EE1DF521C79CD400D3AB27 /* 查找-二分查找/折半查找 */,
				35EE1E0121C7BB0C00D3AB27 /* 查找- 插值查找 */,
				355EC7FF21CA1C2A00E48D6E /* 查找-裴波那契 */,
				355EC80A21CA25EF00E48D6E /* 查找-树表查找 */,
			);
		};
/* End PBXProject section */

/* Begin PBXSourcesBuildPhase section */
		355EC7FC21CA1C2A00E48D6E /* Sources */ = {
			isa = PBXSourcesBuildPhase;
			buildActionMask = 2147483647;
			files = (
				355EC80321CA1C2A00E48D6E /* main.swift in Sources */,
			);
			runOnlyForDeploymentPostprocessing = 0;
		};
		355EC80721CA25EF00E48D6E /* Sources */ = {
			isa = PBXSourcesBuildPhase;
			buildActionMask = 2147483647;
			files = (
				355EC80E21CA25EF00E48D6E /* main.swift in Sources */,
			);
			runOnlyForDeploymentPostprocessing = 0;
		};
		35EE1DD621C7952400D3AB27 /* Sources */ = {
			isa = PBXSourcesBuildPhase;
			buildActionMask = 2147483647;
			files = (
				35EE1DDE21C7952400D3AB27 /* main.swift in Sources */,
				35EE1DF021C7983C00D3AB27 /* Utils.swift in Sources */,
			);
			runOnlyForDeploymentPostprocessing = 0;
		};
		35EE1DE421C7971100D3AB27 /* Sources */ = {
			isa = PBXSourcesBuildPhase;
			buildActionMask = 2147483647;
			files = (
				35EE1DEB21C7971100D3AB27 /* main.swift in Sources */,
				35EE1DF121C7993700D3AB27 /* Utils.swift in Sources */,
			);
			runOnlyForDeploymentPostprocessing = 0;
		};
		35EE1DF221C79CD400D3AB27 /* Sources */ = {
			isa = PBXSourcesBuildPhase;
			buildActionMask = 2147483647;
			files = (
				35EE1DF921C79CD400D3AB27 /* main.swift in Sources */,
				35EE1DFD21C79E5C00D3AB27 /* Utils.swift in Sources */,
			);
			runOnlyForDeploymentPostprocessing = 0;
		};
		35EE1DFE21C7BB0C00D3AB27 /* Sources */ = {
			isa = PBXSourcesBuildPhase;
			buildActionMask = 2147483647;
			files = (
				35EE1E0521C7BB0C00D3AB27 /* main.swift in Sources */,
				35EE1E0921C7BB1700D3AB27 /* Utils.swift in Sources */,
			);
			runOnlyForDeploymentPostprocessing = 0;
		};
/* End PBXSourcesBuildPhase section */

/* Begin XCBuildConfiguration section */
		355EC80421CA1C2A00E48D6E /* Debug */ = {
			isa = XCBuildConfiguration;
			buildSettings = {
				CODE_SIGN_STYLE = Automatic;
				DEVELOPMENT_TEAM = 65RJX5V69R;
				PRODUCT_NAME = "$(TARGET_NAME)";
				SWIFT_VERSION = 4.2;
			};
			name = Debug;
		};
		355EC80521CA1C2A00E48D6E /* Release */ = {
			isa = XCBuildConfiguration;
			buildSettings = {
				CODE_SIGN_STYLE = Automatic;
				DEVELOPMENT_TEAM = 65RJX5V69R;
				PRODUCT_NAME = "$(TARGET_NAME)";
				SWIFT_VERSION = 4.2;
			};
			name = Release;
		};
		355EC81021CA25EF00E48D6E /* Debug */ = {
			isa = XCBuildConfiguration;
			buildSettings = {
				CODE_SIGN_STYLE = Automatic;
				DEVELOPMENT_TEAM = 65RJX5V69R;
				PRODUCT_NAME = "$(TARGET_NAME)";
				SWIFT_VERSION = 4.2;
			};
			name = Debug;
		};
		355EC81121CA25EF00E48D6E /* Release */ = {
			isa = XCBuildConfiguration;
			buildSettings = {
				CODE_SIGN_STYLE = Automatic;
				DEVELOPMENT_TEAM = 65RJX5V69R;
				PRODUCT_NAME = "$(TARGET_NAME)";
				SWIFT_VERSION = 4.2;
			};
			name = Release;
		};
		35EE1DDF21C7952400D3AB27 /* Debug */ = {
			isa = XCBuildConfiguration;
			buildSettings = {
				ALWAYS_SEARCH_USER_PATHS = NO;
				CLANG_ANALYZER_NONNULL = YES;
				CLANG_ANALYZER_NUMBER_OBJECT_CONVERSION = YES_AGGRESSIVE;
				CLANG_CXX_LANGUAGE_STANDARD = "gnu++14";
				CLANG_CXX_LIBRARY = "libc++";
				CLANG_ENABLE_MODULES = YES;
				CLANG_ENABLE_OBJC_ARC = YES;
				CLANG_ENABLE_OBJC_WEAK = YES;
				CLANG_WARN_BLOCK_CAPTURE_AUTORELEASING = YES;
				CLANG_WARN_BOOL_CONVERSION = YES;
				CLANG_WARN_COMMA = YES;
				CLANG_WARN_CONSTANT_CONVERSION = YES;
				CLANG_WARN_DEPRECATED_OBJC_IMPLEMENTATIONS = YES;
				CLANG_WARN_DIRECT_OBJC_ISA_USAGE = YES_ERROR;
				CLANG_WARN_DOCUMENTATION_COMMENTS = YES;
				CLANG_WARN_EMPTY_BODY = YES;
				CLANG_WARN_ENUM_CONVERSION = YES;
				CLANG_WARN_INFINITE_RECURSION = YES;
				CLANG_WARN_INT_CONVERSION = YES;
				CLANG_WARN_NON_LITERAL_NULL_CONVERSION = YES;
				CLANG_WARN_OBJC_IMPLICIT_RETAIN_SELF = YES;
				CLANG_WARN_OBJC_LITERAL_CONVERSION = YES;
				CLANG_WARN_OBJC_ROOT_CLASS = YES_ERROR;
				CLANG_WARN_RANGE_LOOP_ANALYSIS = YES;
				CLANG_WARN_STRICT_PROTOTYPES = YES;
				CLANG_WARN_SUSPICIOUS_MOVE = YES;
				CLANG_WARN_UNGUARDED_AVAILABILITY = YES_AGGRESSIVE;
				CLANG_WARN_UNREACHABLE_CODE = YES;
				CLANG_WARN__DUPLICATE_METHOD_MATCH = YES;
				CODE_SIGN_IDENTITY = "Mac Developer";
				COPY_PHASE_STRIP = NO;
				DEBUG_INFORMATION_FORMAT = dwarf;
				ENABLE_STRICT_OBJC_MSGSEND = YES;
				ENABLE_TESTABILITY = YES;
				GCC_C_LANGUAGE_STANDARD = gnu11;
				GCC_DYNAMIC_NO_PIC = NO;
				GCC_NO_COMMON_BLOCKS = YES;
				GCC_OPTIMIZATION_LEVEL = 0;
				GCC_PREPROCESSOR_DEFINITIONS = (
					"DEBUG=1",
					"$(inherited)",
				);
				GCC_WARN_64_TO_32_BIT_CONVERSION = YES;
				GCC_WARN_ABOUT_RETURN_TYPE = YES_ERROR;
				GCC_WARN_UNDECLARED_SELECTOR = YES;
				GCC_WARN_UNINITIALIZED_AUTOS = YES_AGGRESSIVE;
				GCC_WARN_UNUSED_FUNCTION = YES;
				GCC_WARN_UNUSED_VARIABLE = YES;
				MACOSX_DEPLOYMENT_TARGET = 10.14;
				MTL_ENABLE_DEBUG_INFO = INCLUDE_SOURCE;
				MTL_FAST_MATH = YES;
				ONLY_ACTIVE_ARCH = YES;
				SDKROOT = macosx;
				SWIFT_ACTIVE_COMPILATION_CONDITIONS = DEBUG;
				SWIFT_OPTIMIZATION_LEVEL = "-Onone";
			};
			name = Debug;
		};
		35EE1DE021C7952400D3AB27 /* Release */ = {
			isa = XCBuildConfiguration;
			buildSettings = {
				ALWAYS_SEARCH_USER_PATHS = NO;
				CLANG_ANALYZER_NONNULL = YES;
				CLANG_ANALYZER_NUMBER_OBJECT_CONVERSION = YES_AGGRESSIVE;
				CLANG_CXX_LANGUAGE_STANDARD = "gnu++14";
				CLANG_CXX_LIBRARY = "libc++";
				CLANG_ENABLE_MODULES = YES;
				CLANG_ENABLE_OBJC_ARC = YES;
				CLANG_ENABLE_OBJC_WEAK = YES;
				CLANG_WARN_BLOCK_CAPTURE_AUTORELEASING = YES;
				CLANG_WARN_BOOL_CONVERSION = YES;
				CLANG_WARN_COMMA = YES;
				CLANG_WARN_CONSTANT_CONVERSION = YES;
				CLANG_WARN_DEPRECATED_OBJC_IMPLEMENTATIONS = YES;
				CLANG_WARN_DIRECT_OBJC_ISA_USAGE = YES_ERROR;
				CLANG_WARN_DOCUMENTATION_COMMENTS = YES;
				CLANG_WARN_EMPTY_BODY = YES;
				CLANG_WARN_ENUM_CONVERSION = YES;
				CLANG_WARN_INFINITE_RECURSION = YES;
				CLANG_WARN_INT_CONVERSION = YES;
				CLANG_WARN_NON_LITERAL_NULL_CONVERSION = YES;
				CLANG_WARN_OBJC_IMPLICIT_RETAIN_SELF = YES;
				CLANG_WARN_OBJC_LITERAL_CONVERSION = YES;
				CLANG_WARN_OBJC_ROOT_CLASS = YES_ERROR;
				CLANG_WARN_RANGE_LOOP_ANALYSIS = YES;
				CLANG_WARN_STRICT_PROTOTYPES = YES;
				CLANG_WARN_SUSPICIOUS_MOVE = YES;
				CLANG_WARN_UNGUARDED_AVAILABILITY = YES_AGGRESSIVE;
				CLANG_WARN_UNREACHABLE_CODE = YES;
				CLANG_WARN__DUPLICATE_METHOD_MATCH = YES;
				CODE_SIGN_IDENTITY = "Mac Developer";
				COPY_PHASE_STRIP = NO;
				DEBUG_INFORMATION_FORMAT = "dwarf-with-dsym";
				ENABLE_NS_ASSERTIONS = NO;
				ENABLE_STRICT_OBJC_MSGSEND = YES;
				GCC_C_LANGUAGE_STANDARD = gnu11;
				GCC_NO_COMMON_BLOCKS = YES;
				GCC_WARN_64_TO_32_BIT_CONVERSION = YES;
				GCC_WARN_ABOUT_RETURN_TYPE = YES_ERROR;
				GCC_WARN_UNDECLARED_SELECTOR = YES;
				GCC_WARN_UNINITIALIZED_AUTOS = YES_AGGRESSIVE;
				GCC_WARN_UNUSED_FUNCTION = YES;
				GCC_WARN_UNUSED_VARIABLE = YES;
				MACOSX_DEPLOYMENT_TARGET = 10.14;
				MTL_ENABLE_DEBUG_INFO = NO;
				MTL_FAST_MATH = YES;
				SDKROOT = macosx;
				SWIFT_COMPILATION_MODE = wholemodule;
				SWIFT_OPTIMIZATION_LEVEL = "-O";
			};
			name = Release;
		};
		35EE1DE221C7952400D3AB27 /* Debug */ = {
			isa = XCBuildConfiguration;
			buildSettings = {
				CODE_SIGN_STYLE = Automatic;
				DEVELOPMENT_TEAM = 65RJX5V69R;
				PRODUCT_NAME = "$(TARGET_NAME)";
				SWIFT_VERSION = 4.2;
			};
			name = Debug;
		};
		35EE1DE321C7952400D3AB27 /* Release */ = {
			isa = XCBuildConfiguration;
			buildSettings = {
				CODE_SIGN_STYLE = Automatic;
				DEVELOPMENT_TEAM = 65RJX5V69R;
				PRODUCT_NAME = "$(TARGET_NAME)";
				SWIFT_VERSION = 4.2;
			};
			name = Release;
		};
		35EE1DED21C7971100D3AB27 /* Debug */ = {
			isa = XCBuildConfiguration;
			buildSettings = {
				CODE_SIGN_STYLE = Automatic;
				DEVELOPMENT_TEAM = 65RJX5V69R;
				PRODUCT_NAME = "$(TARGET_NAME)";
				SWIFT_VERSION = 4.2;
			};
			name = Debug;
		};
		35EE1DEE21C7971100D3AB27 /* Release */ = {
			isa = XCBuildConfiguration;
			buildSettings = {
				CODE_SIGN_STYLE = Automatic;
				DEVELOPMENT_TEAM = 65RJX5V69R;
				PRODUCT_NAME = "$(TARGET_NAME)";
				SWIFT_VERSION = 4.2;
			};
			name = Release;
		};
		35EE1DFB21C79CD400D3AB27 /* Debug */ = {
			isa = XCBuildConfiguration;
			buildSettings = {
				CODE_SIGN_STYLE = Automatic;
				DEVELOPMENT_TEAM = 65RJX5V69R;
				PRODUCT_NAME = "$(TARGET_NAME)";
				SWIFT_VERSION = 4.2;
			};
			name = Debug;
		};
		35EE1DFC21C79CD400D3AB27 /* Release */ = {
			isa = XCBuildConfiguration;
			buildSettings = {
				CODE_SIGN_STYLE = Automatic;
				DEVELOPMENT_TEAM = 65RJX5V69R;
				PRODUCT_NAME = "$(TARGET_NAME)";
				SWIFT_VERSION = 4.2;
			};
			name = Release;
		};
		35EE1E0721C7BB0C00D3AB27 /* Debug */ = {
			isa = XCBuildConfiguration;
			buildSettings = {
				CODE_SIGN_STYLE = Automatic;
				DEVELOPMENT_TEAM = 65RJX5V69R;
				PRODUCT_NAME = "$(TARGET_NAME)";
				SWIFT_VERSION = 4.2;
			};
			name = Debug;
		};
		35EE1E0821C7BB0C00D3AB27 /* Release */ = {
			isa = XCBuildConfiguration;
			buildSettings = {
				CODE_SIGN_STYLE = Automatic;
				DEVELOPMENT_TEAM = 65RJX5V69R;
				PRODUCT_NAME = "$(TARGET_NAME)";
				SWIFT_VERSION = 4.2;
			};
			name = Release;
		};
/* End XCBuildConfiguration section */

/* Begin XCConfigurationList section */
		355EC80621CA1C2A00E48D6E /* Build configuration list for PBXNativeTarget "查找-裴波那契" */ = {
			isa = XCConfigurationList;
			buildConfigurations = (
				355EC80421CA1C2A00E48D6E /* Debug */,
				355EC80521CA1C2A00E48D6E /* Release */,
			);
			defaultConfigurationIsVisible = 0;
			defaultConfigurationName = Release;
		};
		355EC80F21CA25EF00E48D6E /* Build configuration list for PBXNativeTarget "查找-树表查找" */ = {
			isa = XCConfigurationList;
			buildConfigurations = (
				355EC81021CA25EF00E48D6E /* Debug */,
				355EC81121CA25EF00E48D6E /* Release */,
			);
			defaultConfigurationIsVisible = 0;
			defaultConfigurationName = Release;
		};
		35EE1DD521C7952400D3AB27 /* Build configuration list for PBXProject "Algorithm" */ = {
			isa = XCConfigurationList;
			buildConfigurations = (
				35EE1DDF21C7952400D3AB27 /* Debug */,
				35EE1DE021C7952400D3AB27 /* Release */,
			);
			defaultConfigurationIsVisible = 0;
			defaultConfigurationName = Release;
		};
		35EE1DE121C7952400D3AB27 /* Build configuration list for PBXNativeTarget "Algorithm" */ = {
			isa = XCConfigurationList;
			buildConfigurations = (
				35EE1DE221C7952400D3AB27 /* Debug */,
				35EE1DE321C7952400D3AB27 /* Release */,
			);
			defaultConfigurationIsVisible = 0;
			defaultConfigurationName = Release;
		};
		35EE1DEC21C7971100D3AB27 /* Build configuration list for PBXNativeTarget "查找-顺序查找" */ = {
			isa = XCConfigurationList;
			buildConfigurations = (
				35EE1DED21C7971100D3AB27 /* Debug */,
				35EE1DEE21C7971100D3AB27 /* Release */,
			);
			defaultConfigurationIsVisible = 0;
			defaultConfigurationName = Release;
		};
		35EE1DFA21C79CD400D3AB27 /* Build configuration list for PBXNativeTarget "查找-二分查找/折半查找" */ = {
			isa = XCConfigurationList;
			buildConfigurations = (
				35EE1DFB21C79CD400D3AB27 /* Debug */,
				35EE1DFC21C79CD400D3AB27 /* Release */,
			);
			defaultConfigurationIsVisible = 0;
			defaultConfigurationName = Release;
		};
		35EE1E0621C7BB0C00D3AB27 /* Build configuration list for PBXNativeTarget "查找- 插值查找" */ = {
			isa = XCConfigurationList;
			buildConfigurations = (
				35EE1E0721C7BB0C00D3AB27 /* Debug */,
				35EE1E0821C7BB0C00D3AB27 /* Release */,
			);
			defaultConfigurationIsVisible = 0;
			defaultConfigurationName = Release;
		};
/* End XCConfigurationList section */
	};
	rootObject = 35EE1DD221C7952400D3AB27 /* Project object */;
}
